
Microsoft Visual Studio Solution File, Format Version 12.00
# Visual Studio Version 17
VisualStudioVersion = 17.6.33801.468
MinimumVisualStudioVersion = 10.0.40219.1
Project("{FAE04EC0-301F-11D3-BF4B-00C04F79EFBC}") = "Word Game", "Word Game\Word Game.csproj", "{83EF8805-3828-4F99-9F86-C75F3E02D05D}"
EndProject
Global
	GlobalSection(SolutionConfigurationPlatforms) = preSolution
		Debug|Any CPU = Debug|Any CPU
		Release|Any CPU = Release|Any CPU
	EndGlobalSection
	GlobalSection(ProjectConfigurationPlatforms) = postSolution
		{83EF8805-3828-4F99-9F86-C75F3E02D05D}.Debug|Any CPU.ActiveCfg = Debug|Any CPU
		{83EF8805-3828-4F99-9F86-C75F3E02D05D}.Debug|Any CPU.Build.0 = Debug|Any CPU
		{83EF8805-3828-4F99-9F86-C75F3E02D05D}.Release|Any CPU.ActiveCfg = Release|Any CPU
		{83EF8805-3828-4F99-9F86-C75F3E02D05D}.Release|Any CPU.Build.0 = Release|Any CPU
	EndGlobalSection
	GlobalSection(SolutionProperties) = preSolution
		HideSolutionNode = FALSE
	EndGlobalSection
	GlobalSection(ExtensibilityGlobals) = postSolution
		SolutionGuid = {FAF34968-E167-4904-BFC0-5C285294927D}
	EndGlobalSection
EndGlobal
